
Microsoft Visual Studio Solution File, Format Version 11.00
# Visual Studio 2010
Project("{FAE04EC0-301F-11D3-BF4B-00C04F79EFBC}") = "Assembly-CSharp", "Assembly-CSharp.csproj", "{DCE67003-0602-6803-A8F0-DCC245102BBB}"
EndProject
Project("{FAE04EC0-301F-11D3-BF4B-00C04F79EFBC}") = "Assembly-CSharp-Editor", "Assembly-CSharp-Editor.csproj", "{6372E16F-D0E6-539C-0960-50FBB44F6395}"
EndProject
Global
	GlobalSection(SolutionConfigurationPlatforms) = preSolution
		Debug|Any CPU = Debug|Any CPU
		Release|Any CPU = Release|Any CPU
	EndGlobalSection
	GlobalSection(ProjectConfigurationPlatforms) = postSolution
		{DCE67003-0602-6803-A8F0-DCC245102BBB}.Debug|Any CPU.ActiveCfg = Debug|Any CPU
		{DCE67003-0602-6803-A8F0-DCC245102BBB}.Debug|Any CPU.Build.0 = Debug|Any CPU
		{DCE67003-0602-6803-A8F0-DCC245102BBB}.Release|Any CPU.ActiveCfg = Release|Any CPU
		{DCE67003-0602-6803-A8F0-DCC245102BBB}.Release|Any CPU.Build.0 = Release|Any CPU
		{6372E16F-D0E6-539C-0960-50FBB44F6395}.Debug|Any CPU.ActiveCfg = Debug|Any CPU
		{6372E16F-D0E6-539C-0960-50FBB44F6395}.Debug|Any CPU.Build.0 = Debug|Any CPU
		{6372E16F-D0E6-539C-0960-50FBB44F6395}.Release|Any CPU.ActiveCfg = Release|Any CPU
		{6372E16F-D0E6-539C-0960-50FBB44F6395}.Release|Any CPU.Build.0 = Release|Any CPU
	EndGlobalSection
	GlobalSection(SolutionProperties) = preSolution
		HideSolutionNode = FALSE
	EndGlobalSection
	GlobalSection(MonoDevelopProperties) = preSolution
		StartupItem = Assembly-CSharp.csproj
	EndGlobalSection
EndGlobal
